
Microsoft Visual Studio Solution File, Format Version 12.00
# Visual Studio Version 16
VisualStudioVersion = 16.0.29609.76
MinimumVisualStudioVersion = 10.0.40219.1
Project("{FAE04EC0-301F-11D3-BF4B-00C04F79EFBC}") = "Cet322EticaretUygulaması", "Cet322EticaretUygulaması\Cet322EticaretUygulaması.csproj", "{31C9DB02-2605-40C9-B41A-B0BA945373B5}"
EndProject
Global
	GlobalSection(SolutionConfigurationPlatforms) = preSolution
		Debug|Any CPU = Debug|Any CPU
		Release|Any CPU = Release|Any CPU
	EndGlobalSection
	GlobalSection(ProjectConfigurationPlatforms) = postSolution
		{31C9DB02-2605-40C9-B41A-B0BA945373B5}.Debug|Any CPU.ActiveCfg = Debug|Any CPU
		{31C9DB02-2605-40C9-B41A-B0BA945373B5}.Debug|Any CPU.Build.0 = Debug|Any CPU
		{31C9DB02-2605-40C9-B41A-B0BA945373B5}.Release|Any CPU.ActiveCfg = Release|Any CPU
		{31C9DB02-2605-40C9-B41A-B0BA945373B5}.Release|Any CPU.Build.0 = Release|Any CPU
	EndGlobalSection
	GlobalSection(SolutionProperties) = preSolution
		HideSolutionNode = FALSE
	EndGlobalSection
	GlobalSection(ExtensibilityGlobals) = postSolution
		SolutionGuid = {E47E9791-2905-4EC2-9423-AA8B22857A94}
	EndGlobalSection
EndGlobal
